// !$*UTF8*$!
{
	archiveVersion = 1;
	classes = {
	};
	objectVersion = 50;
	objects = {

/* Begin PBXBuildFile section */
		435AD407CC722C5D424C0A3C /* Pods_septa_iosTests.framework in Frameworks */ = {isa = PBXBuildFile; fileRef = 83A46A03AC536104C6ECED52 /* Pods_septa_iosTests.framework */; };
		615F62498107B369922D8F54 /* Pods_septa_iosUITests.framework in Frameworks */ = {isa = PBXBuildFile; fileRef = FBF246E8C7D0F4E28D290302 /* Pods_septa_iosUITests.framework */; };
		940ECE021D0D9E3D06D6B499 /* Pods_septa_ios.framework in Frameworks */ = {isa = PBXBuildFile; fileRef = B107EDEDDA96674E61A64590 /* Pods_septa_ios.framework */; };
		A5CA6D2820711D3D00D96B86 /* AppDelegate.swift in Sources */ = {isa = PBXBuildFile; fileRef = A5CA6D2720711D3D00D96B86 /* AppDelegate.swift */; };
		A5CA6D2A20711D3D00D96B86 /* ViewController.swift in Sources */ = {isa = PBXBuildFile; fileRef = A5CA6D2920711D3D00D96B86 /* ViewController.swift */; };
		A5CA6D2D20711D3D00D96B86 /* Main.storyboard in Resources */ = {isa = PBXBuildFile; fileRef = A5CA6D2B20711D3D00D96B86 /* Main.storyboard */; };
		A5CA6D2F20711D3E00D96B86 /* Assets.xcassets in Resources */ = {isa = PBXBuildFile; fileRef = A5CA6D2E20711D3E00D96B86 /* Assets.xcassets */; };
		A5CA6D3220711D3E00D96B86 /* LaunchScreen.storyboard in Resources */ = {isa = PBXBuildFile; fileRef = A5CA6D3020711D3E00D96B86 /* LaunchScreen.storyboard */; };
		A5CA6D3D20711D3E00D96B86 /* septa_iosTests.swift in Sources */ = {isa = PBXBuildFile; fileRef = A5CA6D3C20711D3E00D96B86 /* septa_iosTests.swift */; };
		A5CA6D4820711D3E00D96B86 /* septa_iosUITests.swift in Sources */ = {isa = PBXBuildFile; fileRef = A5CA6D4720711D3E00D96B86 /* septa_iosUITests.swift */; };
/* End PBXBuildFile section */

/* Begin PBXContainerItemProxy section */
		A5CA6D3920711D3E00D96B86 /* PBXContainerItemProxy */ = {
			isa = PBXContainerItemProxy;
			containerPortal = A5CA6D1C20711D3D00D96B86 /* Project object */;
			proxyType = 1;
			remoteGlobalIDString = A5CA6D2320711D3D00D96B86;
			remoteInfo = "septa-ios";
		};
		A5CA6D4420711D3E00D96B86 /* PBXContainerItemProxy */ = {
			isa = PBXContainerItemProxy;
			containerPortal = A5CA6D1C20711D3D00D96B86 /* Project object */;
			proxyType = 1;
			remoteGlobalIDString = A5CA6D2320711D3D00D96B86;
			remoteInfo = "septa-ios";
		};
/* End PBXContainerItemProxy section */

/* Begin PBXFileReference section */
		0AD79A7B661A031C923B7DBE /* Pods-septa-iosUITests.debug.xcconfig */ = {isa = PBXFileReference; includeInIndex = 1; lastKnownFileType = text.xcconfig; name = "Pods-septa-iosUITests.debug.xcconfig"; path = "Pods/Target Support Files/Pods-septa-iosUITests/Pods-septa-iosUITests.debug.xcconfig"; sourceTree = "<group>"; };
		17995A8F7B0179C1F413A215 /* Pods-septa-ios.debug.xcconfig */ = {isa = PBXFileReference; includeInIndex = 1; lastKnownFileType = text.xcconfig; name = "Pods-septa-ios.debug.xcconfig"; path = "Pods/Target Support Files/Pods-septa-ios/Pods-septa-ios.debug.xcconfig"; sourceTree = "<group>"; };
		83A46A03AC536104C6ECED52 /* Pods_septa_iosTests.framework */ = {isa = PBXFileReference; explicitFileType = wrapper.framework; includeInIndex = 0; path = Pods_septa_iosTests.framework; sourceTree = BUILT_PRODUCTS_DIR; };
		9B620C3B843E69A681306F13 /* Pods-septa-iosUITests.release.xcconfig */ = {isa = PBXFileReference; includeInIndex = 1; lastKnownFileType = text.xcconfig; name = "Pods-septa-iosUITests.release.xcconfig"; path = "Pods/Target Support Files/Pods-septa-iosUITests/Pods-septa-iosUITests.release.xcconfig"; sourceTree = "<group>"; };
		A5CA6D2420711D3D00D96B86 /* septa-ios.app */ = {isa = PBXFileReference; explicitFileType = wrapper.application; includeInIndex = 0; path = "septa-ios.app"; sourceTree = BUILT_PRODUCTS_DIR; };
		A5CA6D2720711D3D00D96B86 /* AppDelegate.swift */ = {isa = PBXFileReference; lastKnownFileType = sourcecode.swift; path = AppDelegate.swift; sourceTree = "<group>"; };
		A5CA6D2920711D3D00D96B86 /* ViewController.swift */ = {isa = PBXFileReference; lastKnownFileType = sourcecode.swift; path = ViewController.swift; sourceTree = "<group>"; };
		A5CA6D2C20711D3D00D96B86 /* Base */ = {isa = PBXFileReference; lastKnownFileType = file.storyboard; name = Base; path = Base.lproj/Main.storyboard; sourceTree = "<group>"; };
		A5CA6D2E20711D3E00D96B86 /* Assets.xcassets */ = {isa = PBXFileReference; lastKnownFileType = folder.assetcatalog; path = Assets.xcassets; sourceTree = "<group>"; };
		A5CA6D3120711D3E00D96B86 /* Base */ = {isa = PBXFileReference; lastKnownFileType = file.storyboard; name = Base; path = Base.lproj/LaunchScreen.storyboard; sourceTree = "<group>"; };
		A5CA6D3320711D3E00D96B86 /* Info.plist */ = {isa = PBXFileReference; lastKnownFileType = text.plist.xml; path = Info.plist; sourceTree = "<group>"; };
		A5CA6D3820711D3E00D96B86 /* septa-iosTests.xctest */ = {isa = PBXFileReference; explicitFileType = wrapper.cfbundle; includeInIndex = 0; path = "septa-iosTests.xctest"; sourceTree = BUILT_PRODUCTS_DIR; };
		A5CA6D3C20711D3E00D96B86 /* septa_iosTests.swift */ = {isa = PBXFileReference; lastKnownFileType = sourcecode.swift; path = septa_iosTests.swift; sourceTree = "<group>"; };
		A5CA6D3E20711D3E00D96B86 /* Info.plist */ = {isa = PBXFileReference; lastKnownFileType = text.plist.xml; path = Info.plist; sourceTree = "<group>"; };
		A5CA6D4320711D3E00D96B86 /* septa-iosUITests.xctest */ = {isa = PBXFileReference; explicitFileType = wrapper.cfbundle; includeInIndex = 0; path = "septa-iosUITests.xctest"; sourceTree = BUILT_PRODUCTS_DIR; };
		A5CA6D4720711D3E00D96B86 /* septa_iosUITests.swift */ = {isa = PBXFileReference; lastKnownFileType = sourcecode.swift; path = septa_iosUITests.swift; sourceTree = "<group>"; };
		A5CA6D4920711D3E00D96B86 /* Info.plist */ = {isa = PBXFileReference; lastKnownFileType = text.plist.xml; path = Info.plist; sourceTree = "<group>"; };
		B107EDEDDA96674E61A64590 /* Pods_septa_ios.framework */ = {isa = PBXFileReference; explicitFileType = wrapper.framework; includeInIndex = 0; path = Pods_septa_ios.framework; sourceTree = BUILT_PRODUCTS_DIR; };
		C108BCBBBCF03B8C12434C1A /* Pods-septa-ios.release.xcconfig */ = {isa = PBXFileReference; includeInIndex = 1; lastKnownFileType = text.xcconfig; name = "Pods-septa-ios.release.xcconfig"; path = "Pods/Target Support Files/Pods-septa-ios/Pods-septa-ios.release.xcconfig"; sourceTree = "<group>"; };
		CB5F38771130709DDC35C41B /* Pods-septa-iosTests.debug.xcconfig */ = {isa = PBXFileReference; includeInIndex = 1; lastKnownFileType = text.xcconfig; name = "Pods-septa-iosTests.debug.xcconfig"; path = "Pods/Target Support Files/Pods-septa-iosTests/Pods-septa-iosTests.debug.xcconfig"; sourceTree = "<group>"; };
		F4C723B12162577431AD9132 /* Pods-septa-iosTests.release.xcconfig */ = {isa = PBXFileReference; includeInIndex = 1; lastKnownFileType = text.xcconfig; name = "Pods-septa-iosTests.release.xcconfig"; path = "Pods/Target Support Files/Pods-septa-iosTests/Pods-septa-iosTests.release.xcconfig"; sourceTree = "<group>"; };
		FBF246E8C7D0F4E28D290302 /* Pods_septa_iosUITests.framework */ = {isa = PBXFileReference; explicitFileType = wrapper.framework; includeInIndex = 0; path = Pods_septa_iosUITests.framework; sourceTree = BUILT_PRODUCTS_DIR; };
/* End PBXFileReference section */

/* Begin PBXFrameworksBuildPhase section */
		A5CA6D2120711D3D00D96B86 /* Frameworks */ = {
			isa = PBXFrameworksBuildPhase;
			buildActionMask = 2147483647;
			files = (
				940ECE021D0D9E3D06D6B499 /* Pods_septa_ios.framework in Frameworks */,
			);
			runOnlyForDeploymentPostprocessing = 0;
		};
		A5CA6D3520711D3E00D96B86 /* Frameworks */ = {
			isa = PBXFrameworksBuildPhase;
			buildActionMask = 2147483647;
			files = (
				435AD407CC722C5D424C0A3C /* Pods_septa_iosTests.framework in Frameworks */,
			);
			runOnlyForDeploymentPostprocessing = 0;
		};
		A5CA6D4020711D3E00D96B86 /* Frameworks */ = {
			isa = PBXFrameworksBuildPhase;
			buildActionMask = 2147483647;
			files = (
				615F62498107B369922D8F54 /* Pods_septa_iosUITests.framework in Frameworks */,
			);
			runOnlyForDeploymentPostprocessing = 0;
		};
/* End PBXFrameworksBuildPhase section */

/* Begin PBXGroup section */
		A5CA6D1B20711D3C00D96B86 = {
			isa = PBXGroup;
			children = (
				A5CA6D2620711D3D00D96B86 /* septa-ios */,
				A5CA6D3B20711D3E00D96B86 /* septa-iosTests */,
				A5CA6D4620711D3E00D96B86 /* septa-iosUITests */,
				A5CA6D2520711D3D00D96B86 /* Products */,
				C048360CFB2523DA9334CA59 /* Pods */,
				FF51815CA2A32A4814032946 /* Frameworks */,
			);
			sourceTree = "<group>";
		};
		A5CA6D2520711D3D00D96B86 /* Products */ = {
			isa = PBXGroup;
			children = (
				A5CA6D2420711D3D00D96B86 /* septa-ios.app */,
				A5CA6D3820711D3E00D96B86 /* septa-iosTests.xctest */,
				A5CA6D4320711D3E00D96B86 /* septa-iosUITests.xctest */,
			);
			name = Products;
			sourceTree = "<group>";
		};
		A5CA6D2620711D3D00D96B86 /* septa-ios */ = {
			isa = PBXGroup;
			children = (
				A5CA6D2720711D3D00D96B86 /* AppDelegate.swift */,
				A5CA6D2920711D3D00D96B86 /* ViewController.swift */,
				A5CA6D2B20711D3D00D96B86 /* Main.storyboard */,
				A5CA6D2E20711D3E00D96B86 /* Assets.xcassets */,
				A5CA6D3020711D3E00D96B86 /* LaunchScreen.storyboard */,
				A5CA6D3320711D3E00D96B86 /* Info.plist */,
			);
			path = "septa-ios";
			sourceTree = "<group>";
		};
		A5CA6D3B20711D3E00D96B86 /* septa-iosTests */ = {
			isa = PBXGroup;
			children = (
				A5CA6D3C20711D3E00D96B86 /* septa_iosTests.swift */,
				A5CA6D3E20711D3E00D96B86 /* Info.plist */,
			);
			path = "septa-iosTests";
			sourceTree = "<group>";
		};
		A5CA6D4620711D3E00D96B86 /* septa-iosUITests */ = {
			isa = PBXGroup;
			children = (
				A5CA6D4720711D3E00D96B86 /* septa_iosUITests.swift */,
				A5CA6D4920711D3E00D96B86 /* Info.plist */,
			);
			path = "septa-iosUITests";
			sourceTree = "<group>";
		};
		C048360CFB2523DA9334CA59 /* Pods */ = {
			isa = PBXGroup;
			children = (
				17995A8F7B0179C1F413A215 /* Pods-septa-ios.debug.xcconfig */,
				C108BCBBBCF03B8C12434C1A /* Pods-septa-ios.release.xcconfig */,
				CB5F38771130709DDC35C41B /* Pods-septa-iosTests.debug.xcconfig */,
				F4C723B12162577431AD9132 /* Pods-septa-iosTests.release.xcconfig */,
				0AD79A7B661A031C923B7DBE /* Pods-septa-iosUITests.debug.xcconfig */,
				9B620C3B843E69A681306F13 /* Pods-septa-iosUITests.release.xcconfig */,
			);
			name = Pods;
			sourceTree = "<group>";
		};
		FF51815CA2A32A4814032946 /* Frameworks */ = {
			isa = PBXGroup;
			children = (
				B107EDEDDA96674E61A64590 /* Pods_septa_ios.framework */,
				83A46A03AC536104C6ECED52 /* Pods_septa_iosTests.framework */,
				FBF246E8C7D0F4E28D290302 /* Pods_septa_iosUITests.framework */,
			);
			name = Frameworks;
			sourceTree = "<group>";
		};
/* End PBXGroup section */

/* Begin PBXNativeTarget section */
		A5CA6D2320711D3D00D96B86 /* septa-ios */ = {
			isa = PBXNativeTarget;
			buildConfigurationList = A5CA6D4C20711D3E00D96B86 /* Build configuration list for PBXNativeTarget "septa-ios" */;
			buildPhases = (
				C0B940C0E6BA3EC31BFA4BD7 /* [CP] Check Pods Manifest.lock */,
				A5CA6D2020711D3D00D96B86 /* Sources */,
				A5CA6D2120711D3D00D96B86 /* Frameworks */,
				A5CA6D2220711D3D00D96B86 /* Resources */,
				F5A68A26B1DBA047D43900BA /* [CP] Embed Pods Frameworks */,
				E2AE107E6A947B57DFFC10C9 /* [CP] Copy Pods Resources */,
			);
			buildRules = (
			);
			dependencies = (
			);
			name = "septa-ios";
			productName = "septa-ios";
			productReference = A5CA6D2420711D3D00D96B86 /* septa-ios.app */;
			productType = "com.apple.product-type.application";
		};
		A5CA6D3720711D3E00D96B86 /* septa-iosTests */ = {
			isa = PBXNativeTarget;
			buildConfigurationList = A5CA6D4F20711D3E00D96B86 /* Build configuration list for PBXNativeTarget "septa-iosTests" */;
			buildPhases = (
				FEAB81B5C09F1C5A8C6BA10D /* [CP] Check Pods Manifest.lock */,
				A5CA6D3420711D3E00D96B86 /* Sources */,
				A5CA6D3520711D3E00D96B86 /* Frameworks */,
				A5CA6D3620711D3E00D96B86 /* Resources */,
				815CD8FB06810353A300E29A /* [CP] Embed Pods Frameworks */,
				FAE72F7C4228F7EAAD4BCFE0 /* [CP] Copy Pods Resources */,
			);
			buildRules = (
			);
			dependencies = (
				A5CA6D3A20711D3E00D96B86 /* PBXTargetDependency */,
			);
			name = "septa-iosTests";
			productName = "septa-iosTests";
			productReference = A5CA6D3820711D3E00D96B86 /* septa-iosTests.xctest */;
			productType = "com.apple.product-type.bundle.unit-test";
		};
		A5CA6D4220711D3E00D96B86 /* septa-iosUITests */ = {
			isa = PBXNativeTarget;
			buildConfigurationList = A5CA6D5220711D3E00D96B86 /* Build configuration list for PBXNativeTarget "septa-iosUITests" */;
			buildPhases = (
				A856806CB4EBE06F5CB0AB48 /* [CP] Check Pods Manifest.lock */,
				A5CA6D3F20711D3E00D96B86 /* Sources */,
				A5CA6D4020711D3E00D96B86 /* Frameworks */,
				A5CA6D4120711D3E00D96B86 /* Resources */,
				6BED274F0FBB707EF2EC4A2E /* [CP] Embed Pods Frameworks */,
				1654D79E5AE5B9714B55E661 /* [CP] Copy Pods Resources */,
			);
			buildRules = (
			);
			dependencies = (
				A5CA6D4520711D3E00D96B86 /* PBXTargetDependency */,
			);
			name = "septa-iosUITests";
			productName = "septa-iosUITests";
			productReference = A5CA6D4320711D3E00D96B86 /* septa-iosUITests.xctest */;
			productType = "com.apple.product-type.bundle.ui-testing";
		};
/* End PBXNativeTarget section */

/* Begin PBXProject section */
		A5CA6D1C20711D3D00D96B86 /* Project object */ = {
			isa = PBXProject;
			attributes = {
				LastSwiftUpdateCheck = 0930;
				LastUpgradeCheck = 0930;
				ORGANIZATIONNAME = "Michael Chirico";
				TargetAttributes = {
					A5CA6D2320711D3D00D96B86 = {
						CreatedOnToolsVersion = 9.3;
					};
					A5CA6D3720711D3E00D96B86 = {
						CreatedOnToolsVersion = 9.3;
						TestTargetID = A5CA6D2320711D3D00D96B86;
					};
					A5CA6D4220711D3E00D96B86 = {
						CreatedOnToolsVersion = 9.3;
						TestTargetID = A5CA6D2320711D3D00D96B86;
					};
				};
			};
			buildConfigurationList = A5CA6D1F20711D3D00D96B86 /* Build configuration list for PBXProject "septa-ios" */;
			compatibilityVersion = "Xcode 9.3";
			developmentRegion = en;
			hasScannedForEncodings = 0;
			knownRegions = (
				en,
				Base,
			);
			mainGroup = A5CA6D1B20711D3C00D96B86;
			productRefGroup = A5CA6D2520711D3D00D96B86 /* Products */;
			projectDirPath = "";
			projectRoot = "";
			targets = (
				A5CA6D2320711D3D00D96B86 /* septa-ios */,
				A5CA6D3720711D3E00D96B86 /* septa-iosTests */,
				A5CA6D4220711D3E00D96B86 /* septa-iosUITests */,
			);
		};
/* End PBXProject section */

/* Begin PBXResourcesBuildPhase section */
		A5CA6D2220711D3D00D96B86 /* Resources */ = {
			isa = PBXResourcesBuildPhase;
			buildActionMask = 2147483647;
			files = (
				A5CA6D3220711D3E00D96B86 /* LaunchScreen.storyboard in Resources */,
				A5CA6D2F20711D3E00D96B86 /* Assets.xcassets in Resources */,
				A5CA6D2D20711D3D00D96B86 /* Main.storyboard in Resources */,
			);
			runOnlyForDeploymentPostprocessing = 0;
		};
		A5CA6D3620711D3E00D96B86 /* Resources */ = {
			isa = PBXResourcesBuildPhase;
			buildActionMask = 2147483647;
			files = (
			);
			runOnlyForDeploymentPostprocessing = 0;
		};
		A5CA6D4120711D3E00D96B86 /* Resources */ = {
			isa = PBXResourcesBuildPhase;
			buildActionMask = 2147483647;
			files = (
			);
			runOnlyForDeploymentPostprocessing = 0;
		};
/* End PBXResourcesBuildPhase section */

/* Begin PBXShellScriptBuildPhase section */
		1654D79E5AE5B9714B55E661 /* [CP] Copy Pods Resources */ = {
			isa = PBXShellScriptBuildPhase;
			buildActionMask = 2147483647;
			files = (
			);
			inputPaths = (
			);
			name = "[CP] Copy Pods Resources";
			outputPaths = (
			);
			runOnlyForDeploymentPostprocessing = 0;
			shellPath = /bin/sh;
			shellScript = "\"${SRCROOT}/Pods/Target Support Files/Pods-septa-iosUITests/Pods-septa-iosUITests-resources.sh\"\n";
			showEnvVarsInLog = 0;
		};
		6BED274F0FBB707EF2EC4A2E /* [CP] Embed Pods Frameworks */ = {
			isa = PBXShellScriptBuildPhase;
			buildActionMask = 2147483647;
			files = (
			);
			inputPaths = (
			);
			name = "[CP] Embed Pods Frameworks";
			outputPaths = (
			);
			runOnlyForDeploymentPostprocessing = 0;
			shellPath = /bin/sh;
			shellScript = "\"${SRCROOT}/Pods/Target Support Files/Pods-septa-iosUITests/Pods-septa-iosUITests-frameworks.sh\"\n";
			showEnvVarsInLog = 0;
		};
		815CD8FB06810353A300E29A /* [CP] Embed Pods Frameworks */ = {
			isa = PBXShellScriptBuildPhase;
			buildActionMask = 2147483647;
			files = (
			);
			inputPaths = (
			);
			name = "[CP] Embed Pods Frameworks";
			outputPaths = (
			);
			runOnlyForDeploymentPostprocessing = 0;
			shellPath = /bin/sh;
			shellScript = "\"${SRCROOT}/Pods/Target Support Files/Pods-septa-iosTests/Pods-septa-iosTests-frameworks.sh\"\n";
			showEnvVarsInLog = 0;
		};
		A856806CB4EBE06F5CB0AB48 /* [CP] Check Pods Manifest.lock */ = {
			isa = PBXShellScriptBuildPhase;
			buildActionMask = 2147483647;
			files = (
			);
			inputPaths = (
				"${PODS_PODFILE_DIR_PATH}/Podfile.lock",
				"${PODS_ROOT}/Manifest.lock",
			);
			name = "[CP] Check Pods Manifest.lock";
			outputPaths = (
				"$(DERIVED_FILE_DIR)/Pods-septa-iosUITests-checkManifestLockResult.txt",
			);
			runOnlyForDeploymentPostprocessing = 0;
			shellPath = /bin/sh;
			shellScript = "diff \"${PODS_PODFILE_DIR_PATH}/Podfile.lock\" \"${PODS_ROOT}/Manifest.lock\" > /dev/null\nif [ $? != 0 ] ; then\n    # print error to STDERR\n    echo \"error: The sandbox is not in sync with the Podfile.lock. Run 'pod install' or update your CocoaPods installation.\" >&2\n    exit 1\nfi\n# This output is used by Xcode 'outputs' to avoid re-running this script phase.\necho \"SUCCESS\" > \"${SCRIPT_OUTPUT_FILE_0}\"\n";
			showEnvVarsInLog = 0;
		};
		C0B940C0E6BA3EC31BFA4BD7 /* [CP] Check Pods Manifest.lock */ = {
			isa = PBXShellScriptBuildPhase;
			buildActionMask = 2147483647;
			files = (
			);
			inputPaths = (
				"${PODS_PODFILE_DIR_PATH}/Podfile.lock",
				"${PODS_ROOT}/Manifest.lock",
			);
			name = "[CP] Check Pods Manifest.lock";
			outputPaths = (
				"$(DERIVED_FILE_DIR)/Pods-septa-ios-checkManifestLockResult.txt",
			);
			runOnlyForDeploymentPostprocessing = 0;
			shellPath = /bin/sh;
			shellScript = "diff \"${PODS_PODFILE_DIR_PATH}/Podfile.lock\" \"${PODS_ROOT}/Manifest.lock\" > /dev/null\nif [ $? != 0 ] ; then\n    # print error to STDERR\n    echo \"error: The sandbox is not in sync with the Podfile.lock. Run 'pod install' or update your CocoaPods installation.\" >&2\n    exit 1\nfi\n# This output is used by Xcode 'outputs' to avoid re-running this script phase.\necho \"SUCCESS\" > \"${SCRIPT_OUTPUT_FILE_0}\"\n";
			showEnvVarsInLog = 0;
		};
		E2AE107E6A947B57DFFC10C9 /* [CP] Copy Pods Resources */ = {
			isa = PBXShellScriptBuildPhase;
			buildActionMask = 2147483647;
			files = (
			);
			inputPaths = (
			);
			name = "[CP] Copy Pods Resources";
			outputPaths = (
			);
			runOnlyForDeploymentPostprocessing = 0;
			shellPath = /bin/sh;
			shellScript = "\"${SRCROOT}/Pods/Target Support Files/Pods-septa-ios/Pods-septa-ios-resources.sh\"\n";
			showEnvVarsInLog = 0;
		};
		F5A68A26B1DBA047D43900BA /* [CP] Embed Pods Frameworks */ = {
			isa = PBXShellScriptBuildPhase;
			buildActionMask = 2147483647;
			files = (
			);
			inputPaths = (
			);
			name = "[CP] Embed Pods Frameworks";
			outputPaths = (
			);
			runOnlyForDeploymentPostprocessing = 0;
			shellPath = /bin/sh;
			shellScript = "\"${SRCROOT}/Pods/Target Support Files/Pods-septa-ios/Pods-septa-ios-frameworks.sh\"\n";
			showEnvVarsInLog = 0;
		};
		FAE72F7C4228F7EAAD4BCFE0 /* [CP] Copy Pods Resources */ = {
			isa = PBXShellScriptBuildPhase;
			buildActionMask = 2147483647;
			files = (
			);
			inputPaths = (
			);
			name = "[CP] Copy Pods Resources";
			outputPaths = (
			);
			runOnlyForDeploymentPostprocessing = 0;
			shellPath = /bin/sh;
			shellScript = "\"${SRCROOT}/Pods/Target Support Files/Pods-septa-iosTests/Pods-septa-iosTests-resources.sh\"\n";
			showEnvVarsInLog = 0;
		};
		FEAB81B5C09F1C5A8C6BA10D /* [CP] Check Pods Manifest.lock */ = {
			isa = PBXShellScriptBuildPhase;
			buildActionMask = 2147483647;
			files = (
			);
			inputPaths = (
				"${PODS_PODFILE_DIR_PATH}/Podfile.lock",
				"${PODS_ROOT}/Manifest.lock",
			);
			name = "[CP] Check Pods Manifest.lock";
			outputPaths = (
				"$(DERIVED_FILE_DIR)/Pods-septa-iosTests-checkManifestLockResult.txt",
			);
			runOnlyForDeploymentPostprocessing = 0;
			shellPath = /bin/sh;
			shellScript = "diff \"${PODS_PODFILE_DIR_PATH}/Podfile.lock\" \"${PODS_ROOT}/Manifest.lock\" > /dev/null\nif [ $? != 0 ] ; then\n    # print error to STDERR\n    echo \"error: The sandbox is not in sync with the Podfile.lock. Run 'pod install' or update your CocoaPods installation.\" >&2\n    exit 1\nfi\n# This output is used by Xcode 'outputs' to avoid re-running this script phase.\necho \"SUCCESS\" > \"${SCRIPT_OUTPUT_FILE_0}\"\n";
			showEnvVarsInLog = 0;
		};
/* End PBXShellScriptBuildPhase section */

/* Begin PBXSourcesBuildPhase section */
		A5CA6D2020711D3D00D96B86 /* Sources */ = {
			isa = PBXSourcesBuildPhase;
			buildActionMask = 2147483647;
			files = (
				A5CA6D2A20711D3D00D96B86 /* ViewController.swift in Sources */,
				A5CA6D2820711D3D00D96B86 /* AppDelegate.swift in Sources */,
			);
			runOnlyForDeploymentPostprocessing = 0;
		};
		A5CA6D3420711D3E00D96B86 /* Sources */ = {
			isa = PBXSourcesBuildPhase;
			buildActionMask = 2147483647;
			files = (
				A5CA6D3D20711D3E00D96B86 /* septa_iosTests.swift in Sources */,
			);
			runOnlyForDeploymentPostprocessing = 0;
		};
		A5CA6D3F20711D3E00D96B86 /* Sources */ = {
			isa = PBXSourcesBuildPhase;
			buildActionMask = 2147483647;
			files = (
				A5CA6D4820711D3E00D96B86 /* septa_iosUITests.swift in Sources */,
			);
			runOnlyForDeploymentPostprocessing = 0;
		};
/* End PBXSourcesBuildPhase section */

/* Begin PBXTargetDependency section */
		A5CA6D3A20711D3E00D96B86 /* PBXTargetDependency */ = {
			isa = PBXTargetDependency;
			target = A5CA6D2320711D3D00D96B86 /* septa-ios */;
			targetProxy = A5CA6D3920711D3E00D96B86 /* PBXContainerItemProxy */;
		};
		A5CA6D4520711D3E00D96B86 /* PBXTargetDependency */ = {
			isa = PBXTargetDependency;
			target = A5CA6D2320711D3D00D96B86 /* septa-ios */;
			targetProxy = A5CA6D4420711D3E00D96B86 /* PBXContainerItemProxy */;
		};
/* End PBXTargetDependency section */

/* Begin PBXVariantGroup section */
		A5CA6D2B20711D3D00D96B86 /* Main.storyboard */ = {
			isa = PBXVariantGroup;
			children = (
				A5CA6D2C20711D3D00D96B86 /* Base */,
			);
			name = Main.storyboard;
			sourceTree = "<group>";
		};
		A5CA6D3020711D3E00D96B86 /* LaunchScreen.storyboard */ = {
			isa = PBXVariantGroup;
			children = (
				A5CA6D3120711D3E00D96B86 /* Base */,
			);
			name = LaunchScreen.storyboard;
			sourceTree = "<group>";
		};
/* End PBXVariantGroup section */

/* Begin XCBuildConfiguration section */
		A5CA6D4A20711D3E00D96B86 /* Debug */ = {
			isa = XCBuildConfiguration;
			buildSettings = {
				ALWAYS_SEARCH_USER_PATHS = NO;
				CLANG_ANALYZER_NONNULL = YES;
				CLANG_ANALYZER_NUMBER_OBJECT_CONVERSION = YES_AGGRESSIVE;
				CLANG_CXX_LANGUAGE_STANDARD = "gnu++14";
				CLANG_CXX_LIBRARY = "libc++";
				CLANG_ENABLE_MODULES = YES;
				CLANG_ENABLE_OBJC_ARC = YES;
				CLANG_ENABLE_OBJC_WEAK = YES;
				CLANG_WARN_BLOCK_CAPTURE_AUTORELEASING = YES;
				CLANG_WARN_BOOL_CONVERSION = YES;
				CLANG_WARN_COMMA = YES;
				CLANG_WARN_CONSTANT_CONVERSION = YES;
				CLANG_WARN_DEPRECATED_OBJC_IMPLEMENTATIONS = YES;
				CLANG_WARN_DIRECT_OBJC_ISA_USAGE = YES_ERROR;
				CLANG_WARN_DOCUMENTATION_COMMENTS = YES;
				CLANG_WARN_EMPTY_BODY = YES;
				CLANG_WARN_ENUM_CONVERSION = YES;
				CLANG_WARN_INFINITE_RECURSION = YES;
				CLANG_WARN_INT_CONVERSION = YES;
				CLANG_WARN_NON_LITERAL_NULL_CONVERSION = YES;
				CLANG_WARN_OBJC_IMPLICIT_RETAIN_SELF = YES;
				CLANG_WARN_OBJC_LITERAL_CONVERSION = YES;
				CLANG_WARN_OBJC_ROOT_CLASS = YES_ERROR;
				CLANG_WARN_RANGE_LOOP_ANALYSIS = YES;
				CLANG_WARN_STRICT_PROTOTYPES = YES;
				CLANG_WARN_SUSPICIOUS_MOVE = YES;
				CLANG_WARN_UNGUARDED_AVAILABILITY = YES_AGGRESSIVE;
				CLANG_WARN_UNREACHABLE_CODE = YES;
				CLANG_WARN__DUPLICATE_METHOD_MATCH = YES;
				CODE_SIGN_IDENTITY = "iPhone Developer";
				COPY_PHASE_STRIP = NO;
				DEBUG_INFORMATION_FORMAT = dwarf;
				ENABLE_STRICT_OBJC_MSGSEND = YES;
				ENABLE_TESTABILITY = YES;
				GCC_C_LANGUAGE_STANDARD = gnu11;
				GCC_DYNAMIC_NO_PIC = NO;
				GCC_NO_COMMON_BLOCKS = YES;
				GCC_OPTIMIZATION_LEVEL = 0;
				GCC_PREPROCESSOR_DEFINITIONS = (
					"DEBUG=1",
					"$(inherited)",
				);
				GCC_WARN_64_TO_32_BIT_CONVERSION = YES;
				GCC_WARN_ABOUT_RETURN_TYPE = YES_ERROR;
				GCC_WARN_UNDECLARED_SELECTOR = YES;
				GCC_WARN_UNINITIALIZED_AUTOS = YES_AGGRESSIVE;
				GCC_WARN_UNUSED_FUNCTION = YES;
				GCC_WARN_UNUSED_VARIABLE = YES;
				IPHONEOS_DEPLOYMENT_TARGET = 11.3;
				MTL_ENABLE_DEBUG_INFO = YES;
				ONLY_ACTIVE_ARCH = YES;
				SDKROOT = iphoneos;
				SWIFT_ACTIVE_COMPILATION_CONDITIONS = DEBUG;
				SWIFT_OPTIMIZATION_LEVEL = "-Onone";
			};
			name = Debug;
		};
		A5CA6D4B20711D3E00D96B86 /* Release */ = {
			isa = XCBuildConfiguration;
			buildSettings = {
				ALWAYS_SEARCH_USER_PATHS = NO;
				CLANG_ANALYZER_NONNULL = YES;
				CLANG_ANALYZER_NUMBER_OBJECT_CONVERSION = YES_AGGRESSIVE;
				CLANG_CXX_LANGUAGE_STANDARD = "gnu++14";
				CLANG_CXX_LIBRARY = "libc++";
				CLANG_ENABLE_MODULES = YES;
				CLANG_ENABLE_OBJC_ARC = YES;
				CLANG_ENABLE_OBJC_WEAK = YES;
				CLANG_WARN_BLOCK_CAPTURE_AUTORELEASING = YES;
				CLANG_WARN_BOOL_CONVERSION = YES;
				CLANG_WARN_COMMA = YES;
				CLANG_WARN_CONSTANT_CONVERSION = YES;
				CLANG_WARN_DEPRECATED_OBJC_IMPLEMENTATIONS = YES;
				CLANG_WARN_DIRECT_OBJC_ISA_USAGE = YES_ERROR;
				CLANG_WARN_DOCUMENTATION_COMMENTS = YES;
				CLANG_WARN_EMPTY_BODY = YES;
				CLANG_WARN_ENUM_CONVERSION = YES;
				CLANG_WARN_INFINITE_RECURSION = YES;
				CLANG_WARN_INT_CONVERSION = YES;
				CLANG_WARN_NON_LITERAL_NULL_CONVERSION = YES;
				CLANG_WARN_OBJC_IMPLICIT_RETAIN_SELF = YES;
				CLANG_WARN_OBJC_LITERAL_CONVERSION = YES;
				CLANG_WARN_OBJC_ROOT_CLASS = YES_ERROR;
				CLANG_WARN_RANGE_LOOP_ANALYSIS = YES;
				CLANG_WARN_STRICT_PROTOTYPES = YES;
				CLANG_WARN_SUSPICIOUS_MOVE = YES;
				CLANG_WARN_UNGUARDED_AVAILABILITY = YES_AGGRESSIVE;
				CLANG_WARN_UNREACHABLE_CODE = YES;
				CLANG_WARN__DUPLICATE_METHOD_MATCH = YES;
				CODE_SIGN_IDENTITY = "iPhone Developer";
				COPY_PHASE_STRIP = NO;
				DEBUG_INFORMATION_FORMAT = "dwarf-with-dsym";
				ENABLE_NS_ASSERTIONS = NO;
				ENABLE_STRICT_OBJC_MSGSEND = YES;
				GCC_C_LANGUAGE_STANDARD = gnu11;
				GCC_NO_COMMON_BLOCKS = YES;
				GCC_WARN_64_TO_32_BIT_CONVERSION = YES;
				GCC_WARN_ABOUT_RETURN_TYPE = YES_ERROR;
				GCC_WARN_UNDECLARED_SELECTOR = YES;
				GCC_WARN_UNINITIALIZED_AUTOS = YES_AGGRESSIVE;
				GCC_WARN_UNUSED_FUNCTION = YES;
				GCC_WARN_UNUSED_VARIABLE = YES;
				IPHONEOS_DEPLOYMENT_TARGET = 11.3;
				MTL_ENABLE_DEBUG_INFO = NO;
				SDKROOT = iphoneos;
				SWIFT_COMPILATION_MODE = wholemodule;
				SWIFT_OPTIMIZATION_LEVEL = "-O";
				VALIDATE_PRODUCT = YES;
			};
			name = Release;
		};
		A5CA6D4D20711D3E00D96B86 /* Debug */ = {
			isa = XCBuildConfiguration;
			baseConfigurationReference = 17995A8F7B0179C1F413A215 /* Pods-septa-ios.debug.xcconfig */;
			buildSettings = {
				ASSETCATALOG_COMPILER_APPICON_NAME = AppIcon;
				CODE_SIGN_STYLE = Automatic;
				DEVELOPMENT_TEAM = UWJCYGVG9Z;
				INFOPLIST_FILE = "septa-ios/Info.plist";
				LD_RUNPATH_SEARCH_PATHS = (
					"$(inherited)",
					"@executable_path/Frameworks",
				);
				PRODUCT_BUNDLE_IDENTIFIER = "com.cwxstat.septa.septa-ios";
				PRODUCT_NAME = "$(TARGET_NAME)";
				SWIFT_VERSION = 4.0;
				TARGETED_DEVICE_FAMILY = "1,2";
			};
			name = Debug;
		};
		A5CA6D4E20711D3E00D96B86 /* Release */ = {
			isa = XCBuildConfiguration;
			baseConfigurationReference = C108BCBBBCF03B8C12434C1A /* Pods-septa-ios.release.xcconfig */;
			buildSettings = {
				ASSETCATALOG_COMPILER_APPICON_NAME = AppIcon;
				CODE_SIGN_STYLE = Automatic;
				DEVELOPMENT_TEAM = UWJCYGVG9Z;
				INFOPLIST_FILE = "septa-ios/Info.plist";
				LD_RUNPATH_SEARCH_PATHS = (
					"$(inherited)",
					"@executable_path/Frameworks",
				);
				PRODUCT_BUNDLE_IDENTIFIER = "com.cwxstat.septa.septa-ios";
				PRODUCT_NAME = "$(TARGET_NAME)";
				SWIFT_VERSION = 4.0;
				TARGETED_DEVICE_FAMILY = "1,2";
			};
			name = Release;
		};
		A5CA6D5020711D3E00D96B86 /* Debug */ = {
			isa = XCBuildConfiguration;
			baseConfigurationReference = CB5F38771130709DDC35C41B /* Pods-septa-iosTests.debug.xcconfig */;
			buildSettings = {
				ALWAYS_EMBED_SWIFT_STANDARD_LIBRARIES = YES;
				BUNDLE_LOADER = "$(TEST_HOST)";
				CODE_SIGN_STYLE = Automatic;
				DEVELOPMENT_TEAM = UWJCYGVG9Z;
				INFOPLIST_FILE = "septa-iosTests/Info.plist";
				LD_RUNPATH_SEARCH_PATHS = (
					"$(inherited)",
					"@executable_path/Frameworks",
					"@loader_path/Frameworks",
				);
				PRODUCT_BUNDLE_IDENTIFIER = "com.cwxstat.septa.septa-iosTests";
				PRODUCT_NAME = "$(TARGET_NAME)";
				SWIFT_VERSION = 4.0;
				TARGETED_DEVICE_FAMILY = "1,2";
				TEST_HOST = "$(BUILT_PRODUCTS_DIR)/septa-ios.app/septa-ios";
			};
			name = Debug;
		};
		A5CA6D5120711D3E00D96B86 /* Release */ = {
			isa = XCBuildConfiguration;
			baseConfigurationReference = F4C723B12162577431AD9132 /* Pods-septa-iosTests.release.xcconfig */;
			buildSettings = {
				ALWAYS_EMBED_SWIFT_STANDARD_LIBRARIES = YES;
				BUNDLE_LOADER = "$(TEST_HOST)";
				CODE_SIGN_STYLE = Automatic;
				DEVELOPMENT_TEAM = UWJCYGVG9Z;
				INFOPLIST_FILE = "septa-iosTests/Info.plist";
				LD_RUNPATH_SEARCH_PATHS = (
					"$(inherited)",
					"@executable_path/Frameworks",
					"@loader_path/Frameworks",
				);
				PRODUCT_BUNDLE_IDENTIFIER = "com.cwxstat.septa.septa-iosTests";
				PRODUCT_NAME = "$(TARGET_NAME)";
				SWIFT_VERSION = 4.0;
				TARGETED_DEVICE_FAMILY = "1,2";
				TEST_HOST = "$(BUILT_PRODUCTS_DIR)/septa-ios.app/septa-ios";
			};
			name = Release;
		};
		A5CA6D5320711D3E00D96B86 /* Debug */ = {
			isa = XCBuildConfiguration;
			baseConfigurationReference = 0AD79A7B661A031C923B7DBE /* Pods-septa-iosUITests.debug.xcconfig */;
			buildSettings = {
				ALWAYS_EMBED_SWIFT_STANDARD_LIBRARIES = YES;
				CODE_SIGN_IDENTITY = "iPhone Developer";
				CODE_SIGN_STYLE = Automatic;
				DEVELOPMENT_TEAM = UWJCYGVG9Z;
				INFOPLIST_FILE = "septa-iosUITests/Info.plist";
				LD_RUNPATH_SEARCH_PATHS = (
					"$(inherited)",
					"@executable_path/Frameworks",
					"@loader_path/Frameworks",
				);
				PRODUCT_BUNDLE_IDENTIFIER = "com.cwxstat.septa.septa-iosUITests";
				PRODUCT_NAME = "$(TARGET_NAME)";
				PROVISIONING_PROFILE_SPECIFIER = "";
				SWIFT_VERSION = 4.0;
				TARGETED_DEVICE_FAMILY = "1,2";
				TEST_TARGET_NAME = "septa-ios";
			};
			name = Debug;
		};
		A5CA6D5420711D3E00D96B86 /* Release */ = {
			isa = XCBuildConfiguration;
			baseConfigurationReference = 9B620C3B843E69A681306F13 /* Pods-septa-iosUITests.release.xcconfig */;
			buildSettings = {
				ALWAYS_EMBED_SWIFT_STANDARD_LIBRARIES = YES;
				CODE_SIGN_IDENTITY = "iPhone Developer";
				CODE_SIGN_STYLE = Automatic;
				DEVELOPMENT_TEAM = UWJCYGVG9Z;
				INFOPLIST_FILE = "septa-iosUITests/Info.plist";
				LD_RUNPATH_SEARCH_PATHS = (
					"$(inherited)",
					"@executable_path/Frameworks",
					"@loader_path/Frameworks",
				);
				PRODUCT_BUNDLE_IDENTIFIER = "com.cwxstat.septa.septa-iosUITests";
				PRODUCT_NAME = "$(TARGET_NAME)";
				PROVISIONING_PROFILE_SPECIFIER = "";
				SWIFT_VERSION = 4.0;
				TARGETED_DEVICE_FAMILY = "1,2";
				TEST_TARGET_NAME = "septa-ios";
			};
			name = Release;
		};
/* End XCBuildConfiguration section */

/* Begin XCConfigurationList section */
		A5CA6D1F20711D3D00D96B86 /* Build configuration list for PBXProject "septa-ios" */ = {
			isa = XCConfigurationList;
			buildConfigurations = (
				A5CA6D4A20711D3E00D96B86 /* Debug */,
				A5CA6D4B20711D3E00D96B86 /* Release */,
			);
			defaultConfigurationIsVisible = 0;
			defaultConfigurationName = Release;
		};
		A5CA6D4C20711D3E00D96B86 /* Build configuration list for PBXNativeTarget "septa-ios" */ = {
			isa = XCConfigurationList;
			buildConfigurations = (
				A5CA6D4D20711D3E00D96B86 /* Debug */,
				A5CA6D4E20711D3E00D96B86 /* Release */,
			);
			defaultConfigurationIsVisible = 0;
			defaultConfigurationName = Release;
		};
		A5CA6D4F20711D3E00D96B86 /* Build configuration list for PBXNativeTarget "septa-iosTests" */ = {
			isa = XCConfigurationList;
			buildConfigurations = (
				A5CA6D5020711D3E00D96B86 /* Debug */,
				A5CA6D5120711D3E00D96B86 /* Release */,
			);
			defaultConfigurationIsVisible = 0;
			defaultConfigurationName = Release;
		};
		A5CA6D5220711D3E00D96B86 /* Build configuration list for PBXNativeTarget "septa-iosUITests" */ = {
			isa = XCConfigurationList;
			buildConfigurations = (
				A5CA6D5320711D3E00D96B86 /* Debug */,
				A5CA6D5420711D3E00D96B86 /* Release */,
			);
			defaultConfigurationIsVisible = 0;
			defaultConfigurationName = Release;
		};
/* End XCConfigurationList section */
	};
	rootObject = A5CA6D1C20711D3D00D96B86 /* Project object */;
}
